
Microsoft Visual Studio Solution File, Format Version 12.00
# Visual Studio 15
VisualStudioVersion = 15.0.26730.8
MinimumVisualStudioVersion = 10.0.40219.1
Project("{FAE04EC0-301F-11D3-BF4B-00C04F79EFBC}") = "WcfServiceContract", "WcfServiceContract\WcfServiceContract.csproj", "{F64F55C7-5F4B-469A-AF0A-296710B0F82B}"
EndProject
Project("{FAE04EC0-301F-11D3-BF4B-00C04F79EFBC}") = "WCFServiceHost", "WCFServiceHost\WCFServiceHost.csproj", "{07CD575E-E9B3-4753-8578-0EB714AD8597}"
EndProject
Project("{FAE04EC0-301F-11D3-BF4B-00C04F79EFBC}") = "WcfClient", "WcfClient\WcfClient.csproj", "{06F14602-1458-4DC9-B5BD-AB2786E21870}"
EndProject
Global
	GlobalSection(SolutionConfigurationPlatforms) = preSolution
		Debug|Any CPU = Debug|Any CPU
		Release|Any CPU = Release|Any CPU
	EndGlobalSection
	GlobalSection(ProjectConfigurationPlatforms) = postSolution
		{F64F55C7-5F4B-469A-AF0A-296710B0F82B}.Debug|Any CPU.ActiveCfg = Debug|Any CPU
		{F64F55C7-5F4B-469A-AF0A-296710B0F82B}.Debug|Any CPU.Build.0 = Debug|Any CPU
		{F64F55C7-5F4B-469A-AF0A-296710B0F82B}.Release|Any CPU.ActiveCfg = Release|Any CPU
		{F64F55C7-5F4B-469A-AF0A-296710B0F82B}.Release|Any CPU.Build.0 = Release|Any CPU
		{07CD575E-E9B3-4753-8578-0EB714AD8597}.Debug|Any CPU.ActiveCfg = Debug|Any CPU
		{07CD575E-E9B3-4753-8578-0EB714AD8597}.Debug|Any CPU.Build.0 = Debug|Any CPU
		{07CD575E-E9B3-4753-8578-0EB714AD8597}.Release|Any CPU.ActiveCfg = Release|Any CPU
		{07CD575E-E9B3-4753-8578-0EB714AD8597}.Release|Any CPU.Build.0 = Release|Any CPU
		{06F14602-1458-4DC9-B5BD-AB2786E21870}.Debug|Any CPU.ActiveCfg = Debug|Any CPU
		{06F14602-1458-4DC9-B5BD-AB2786E21870}.Debug|Any CPU.Build.0 = Debug|Any CPU
		{06F14602-1458-4DC9-B5BD-AB2786E21870}.Release|Any CPU.ActiveCfg = Release|Any CPU
		{06F14602-1458-4DC9-B5BD-AB2786E21870}.Release|Any CPU.Build.0 = Release|Any CPU
	EndGlobalSection
	GlobalSection(SolutionProperties) = preSolution
		HideSolutionNode = FALSE
	EndGlobalSection
	GlobalSection(ExtensibilityGlobals) = postSolution
		SolutionGuid = {98A8F6B8-8C13-4FE9-8B67-FE0360D55C9D}
	EndGlobalSection
EndGlobal
